
Microsoft Visual Studio Solution File, Format Version 12.00
# Visual Studio Version 18
VisualStudioVersion = 18.8.12009.203
MinimumVisualStudioVersion = 10.0.40219.1
Project("{FAE04EC0-301F-11D3-BF4B-00C04F79EFBC}") = "Cocosoft.Finance.LoanControl.App", "Cocosoft.Finance.LoanControl.App\Cocosoft.Finance.LoanControl.App.csproj", "{BFF1C9CD-C8DF-4E49-AF5C-1CC5216B47C2}"
EndProject
Project("{FAE04EC0-301F-11D3-BF4B-00C04F79EFBC}") = "Cocosoft.Finance.LoanControl.Dal", "Cocosoft.Finance.LoanControl.Dal\Cocosoft.Finance.LoanControl.Dal.csproj", "{E1526EB1-A0CB-41FA-ABB0-F8BDDE70AB4E}"
EndProject
Project("{FAE04EC0-301F-11D3-BF4B-00C04F79EFBC}") = "Cocosoft.Finance.LoanControl.Core", "Cocosoft.Finance.LoanControl.Core\Cocosoft.Finance.LoanControl.Core.csproj", "{54FF7A5C-68FE-47B5-A676-8D5AB0FF4EC2}"
EndProject
Project("{FAE04EC0-301F-11D3-BF4B-00C04F79EFBC}") = "Cocosoft.Finance.LoanControl.Tests", "Cocosoft.Finance.LoanControl.Core.Tests\Cocosoft.Finance.LoanControl.Tests.csproj", "{C8EF0821-6702-4FFC-AC28-859C0CECC14C}"
EndProject
Project("{FAE04EC0-301F-11D3-BF4B-00C04F79EFBC}") = "Cocosoft.Framework.Mvvm", "Cocosoft.Framework.Mvvm\Cocosoft.Framework.Mvvm.csproj", "{EBDBFF27-693E-493E-B821-5F3BCD8435C5}"
EndProject
Project("{FAE04EC0-301F-11D3-BF4B-00C04F79EFBC}") = "Cocosoft.Framework.LoanControl.UI", "Cocosoft.Framework.LoanControl.UI\Cocosoft.Framework.LoanControl.UI.csproj", "{370CBC60-EB53-4990-8522-5BFDFB17182E}"
EndProject
Project("{FAE04EC0-301F-11D3-BF4B-00C04F79EFBC}") = "Cocosoft.Finance.LoanControl.App.Avalonia", "Cocosoft.Finance.LoanControl.App.Avalonia\Cocosoft.Finance.LoanControl.App.Avalonia.csproj", "{F9482322-7BAE-44AF-AADC-8F5D8AD59E89}"
EndProject
Project("{FAE04EC0-301F-11D3-BF4B-00C04F79EFBC}") = "Cocosoft.Finance.LoanControl.Domain", "Cocosoft.Finance.LoanControl.Domain\Cocosoft.Finance.LoanControl.Domain.csproj", "{F100BD41-AA77-4986-9CD6-68C34F92C73C}"
EndProject
Global
	GlobalSection(SolutionConfigurationPlatforms) = preSolution
		Debug|Any CPU = Debug|Any CPU
		Debug|x64 = Debug|x64
		Debug|x86 = Debug|x86
		Release|Any CPU = Release|Any CPU
		Release|x64 = Release|x64
		Release|x86 = Release|x86
	EndGlobalSection
	GlobalSection(ProjectConfigurationPlatforms) = postSolution
		{BFF1C9CD-C8DF-4E49-AF5C-1CC5216B47C2}.Debug|Any CPU.ActiveCfg = Debug|Any CPU
		{BFF1C9CD-C8DF-4E49-AF5C-1CC5216B47C2}.Debug|Any CPU.Build.0 = Debug|Any CPU
		{BFF1C9CD-C8DF-4E49-AF5C-1CC5216B47C2}.Debug|x64.ActiveCfg = Debug|Any CPU
		{BFF1C9CD-C8DF-4E49-AF5C-1CC5216B47C2}.Debug|x64.Build.0 = Debug|Any CPU
		{BFF1C9CD-C8DF-4E49-AF5C-1CC5216B47C2}.Debug|x86.ActiveCfg = Debug|Any CPU
		{BFF1C9CD-C8DF-4E49-AF5C-1CC5216B47C2}.Debug|x86.Build.0 = Debug|Any CPU
		{BFF1C9CD-C8DF-4E49-AF5C-1CC5216B47C2}.Release|Any CPU.ActiveCfg = Release|Any CPU
		{BFF1C9CD-C8DF-4E49-AF5C-1CC5216B47C2}.Release|Any CPU.Build.0 = Release|Any CPU
		{BFF1C9CD-C8DF-4E49-AF5C-1CC5216B47C2}.Release|x64.ActiveCfg = Release|Any CPU
		{BFF1C9CD-C8DF-4E49-AF5C-1CC5216B47C2}.Release|x64.Build.0 = Release|Any CPU
		{BFF1C9CD-C8DF-4E49-AF5C-1CC5216B47C2}.Release|x86.ActiveCfg = Release|Any CPU
		{BFF1C9CD-C8DF-4E49-AF5C-1CC5216B47C2}.Release|x86.Build.0 = Release|Any CPU
		{E1526EB1-A0CB-41FA-ABB0-F8BDDE70AB4E}.Debug|Any CPU.ActiveCfg = Debug|Any CPU
		{E1526EB1-A0CB-41FA-ABB0-F8BDDE70AB4E}.Debug|Any CPU.Build.0 = Debug|Any CPU
		{E1526EB1-A0CB-41FA-ABB0-F8BDDE70AB4E}.Debug|x64.ActiveCfg = Debug|Any CPU
		{E1526EB1-A0CB-41FA-ABB0-F8BDDE70AB4E}.Debug|x64.Build.0 = Debug|Any CPU
		{E1526EB1-A0CB-41FA-ABB0-F8BDDE70AB4E}.Debug|x86.ActiveCfg = Debug|Any CPU
		{E1526EB1-A0CB-41FA-ABB0-F8BDDE70AB4E}.Debug|x86.Build.0 = Debug|Any CPU
		{E1526EB1-A0CB-41FA-ABB0-F8BDDE70AB4E}.Release|Any CPU.ActiveCfg = Release|Any CPU
		{E1526EB1-A0CB-41FA-ABB0-F8BDDE70AB4E}.Release|Any CPU.Build.0 = Release|Any CPU
		{E1526EB1-A0CB-41FA-ABB0-F8BDDE70AB4E}.Release|x64.ActiveCfg = Release|Any CPU
		{E1526EB1-A0CB-41FA-ABB0-F8BDDE70AB4E}.Release|x64.Build.0 = Release|Any CPU
		{E1526EB1-A0CB-41FA-ABB0-F8BDDE70AB4E}.Release|x86.ActiveCfg = Release|Any CPU
		{E1526EB1-A0CB-41FA-ABB0-F8BDDE70AB4E}.Release|x86.Build.0 = Release|Any CPU
		{54FF7A5C-68FE-47B5-A676-8D5AB0FF4EC2}.Debug|Any CPU.ActiveCfg = Debug|Any CPU
		{54FF7A5C-68FE-47B5-A676-8D5AB0FF4EC2}.Debug|Any CPU.Build.0 = Debug|Any CPU
		{54FF7A5C-68FE-47B5-A676-8D5AB0FF4EC2}.Debug|x64.ActiveCfg = Debug|Any CPU
		{54FF7A5C-68FE-47B5-A676-8D5AB0FF4EC2}.Debug|x64.Build.0 = Debug|Any CPU
		{54FF7A5C-68FE-47B5-A676-8D5AB0FF4EC2}.Debug|x86.ActiveCfg = Debug|Any CPU
		{54FF7A5C-68FE-47B5-A676-8D5AB0FF4EC2}.Debug|x86.Build.0 = Debug|Any CPU
		{54FF7A5C-68FE-47B5-A676-8D5AB0FF4EC2}.Release|Any CPU.ActiveCfg = Release|Any CPU
		{54FF7A5C-68FE-47B5-A676-8D5AB0FF4EC2}.Release|Any CPU.Build.0 = Release|Any CPU
		{54FF7A5C-68FE-47B5-A676-8D5AB0FF4EC2}.Release|x64.ActiveCfg = Release|Any CPU
		{54FF7A5C-68FE-47B5-A676-8D5AB0FF4EC2}.Release|x64.Build.0 = Release|Any CPU
		{54FF7A5C-68FE-47B5-A676-8D5AB0FF4EC2}.Release|x86.ActiveCfg = Release|Any CPU
		{54FF7A5C-68FE-47B5-A676-8D5AB0FF4EC2}.Release|x86.Build.0 = Release|Any CPU
		{C8EF0821-6702-4FFC-AC28-859C0CECC14C}.Debug|Any CPU.ActiveCfg = Debug|Any CPU
		{C8EF0821-6702-4FFC-AC28-859C0CECC14C}.Debug|Any CPU.Build.0 = Debug|Any CPU
		{C8EF0821-6702-4FFC-AC28-859C0CECC14C}.Debug|x64.ActiveCfg = Debug|Any CPU
		{C8EF0821-6702-4FFC-AC28-859C0CECC14C}.Debug|x64.Build.0 = Debug|Any CPU
		{C8EF0821-6702-4FFC-AC28-859C0CECC14C}.Debug|x86.ActiveCfg = Debug|Any CPU
		{C8EF0821-6702-4FFC-AC28-859C0CECC14C}.Debug|x86.Build.0 = Debug|Any CPU
		{C8EF0821-6702-4FFC-AC28-859C0CECC14C}.Release|Any CPU.ActiveCfg = Release|Any CPU
		{C8EF0821-6702-4FFC-AC28-859C0CECC14C}.Release|Any CPU.Build.0 = Release|Any CPU
		{C8EF0821-6702-4FFC-AC28-859C0CECC14C}.Release|x64.ActiveCfg = Release|Any CPU
		{C8EF0821-6702-4FFC-AC28-859C0CECC14C}.Release|x64.Build.0 = Release|Any CPU
		{C8EF0821-6702-4FFC-AC28-859C0CECC14C}.Release|x86.ActiveCfg = Release|Any CPU
		{C8EF0821-6702-4FFC-AC28-859C0CECC14C}.Release|x86.Build.0 = Release|Any CPU
		{EBDBFF27-693E-493E-B821-5F3BCD8435C5}.Debug|Any CPU.ActiveCfg = Debug|Any CPU
		{EBDBFF27-693E-493E-B821-5F3BCD8435C5}.Debug|Any CPU.Build.0 = Debug|Any CPU
		{EBDBFF27-693E-493E-B821-5F3BCD8435C5}.Debug|x64.ActiveCfg = Debug|Any CPU
		{EBDBFF27-693E-493E-B821-5F3BCD8435C5}.Debug|x64.Build.0 = Debug|Any CPU
		{EBDBFF27-693E-493E-B821-5F3BCD8435C5}.Debug|x86.ActiveCfg = Debug|Any CPU
		{EBDBFF27-693E-493E-B821-5F3BCD8435C5}.Debug|x86.Build.0 = Debug|Any CPU
		{EBDBFF27-693E-493E-B821-5F3BCD8435C5}.Release|Any CPU.ActiveCfg = Release|Any CPU
		{EBDBFF27-693E-493E-B821-5F3BCD8435C5}.Release|Any CPU.Build.0 = Release|Any CPU
		{EBDBFF27-693E-493E-B821-5F3BCD8435C5}.Release|x64.ActiveCfg = Release|Any CPU
		{EBDBFF27-693E-493E-B821-5F3BCD8435C5}.Release|x64.Build.0 = Release|Any CPU
		{EBDBFF27-693E-493E-B821-5F3BCD8435C5}.Release|x86.ActiveCfg = Release|Any CPU
		{EBDBFF27-693E-493E-B821-5F3BCD8435C5}.Release|x86.Build.0 = Release|Any CPU
		{370CBC60-EB53-4990-8522-5BFDFB17182E}.Debug|Any CPU.ActiveCfg = Debug|Any CPU
		{370CBC60-EB53-4990-8522-5BFDFB17182E}.Debug|Any CPU.Build.0 = Debug|Any CPU
		{370CBC60-EB53-4990-8522-5BFDFB17182E}.Debug|x64.ActiveCfg = Debug|Any CPU
		{370CBC60-EB53-4990-8522-5BFDFB17182E}.Debug|x64.Build.0 = Debug|Any CPU
		{370CBC60-EB53-4990-8522-5BFDFB17182E}.Debug|x86.ActiveCfg = Debug|Any CPU
		{370CBC60-EB53-4990-8522-5BFDFB17182E}.Debug|x86.Build.0 = Debug|Any CPU
		{370CBC60-EB53-4990-8522-5BFDFB17182E}.Release|Any CPU.ActiveCfg = Release|Any CPU
		{370CBC60-EB53-4990-8522-5BFDFB17182E}.Release|Any CPU.Build.0 = Release|Any CPU
		{370CBC60-EB53-4990-8522-5BFDFB17182E}.Release|x64.ActiveCfg = Release|Any CPU
		{370CBC60-EB53-4990-8522-5BFDFB17182E}.Release|x64.Build.0 = Release|Any CPU
		{370CBC60-EB53-4990-8522-5BFDFB17182E}.Release|x86.ActiveCfg = Release|Any CPU
		{370CBC60-EB53-4990-8522-5BFDFB17182E}.Release|x86.Build.0 = Release|Any CPU
		{F9482322-7BAE-44AF-AADC-8F5D8AD59E89}.Debug|Any CPU.ActiveCfg = Debug|Any CPU
		{F9482322-7BAE-44AF-AADC-8F5D8AD59E89}.Debug|Any CPU.Build.0 = Debug|Any CPU
		{F9482322-7BAE-44AF-AADC-8F5D8AD59E89}.Debug|x64.ActiveCfg = Debug|Any CPU
		{F9482322-7BAE-44AF-AADC-8F5D8AD59E89}.Debug|x64.Build.0 = Debug|Any CPU
		{F9482322-7BAE-44AF-AADC-8F5D8AD59E89}.Debug|x86.ActiveCfg = Debug|Any CPU
		{F9482322-7BAE-44AF-AADC-8F5D8AD59E89}.Debug|x86.Build.0 = Debug|Any CPU
		{F9482322-7BAE-44AF-AADC-8F5D8AD59E89}.Release|Any CPU.ActiveCfg = Release|Any CPU
		{F9482322-7BAE-44AF-AADC-8F5D8AD59E89}.Release|Any CPU.Build.0 = Release|Any CPU
		{F9482322-7BAE-44AF-AADC-8F5D8AD59E89}.Release|x64.ActiveCfg = Release|Any CPU
		{F9482322-7BAE-44AF-AADC-8F5D8AD59E89}.Release|x64.Build.0 = Release|Any CPU
		{F9482322-7BAE-44AF-AADC-8F5D8AD59E89}.Release|x86.ActiveCfg = Release|Any CPU
		{F9482322-7BAE-44AF-AADC-8F5D8AD59E89}.Release|x86.Build.0 = Release|Any CPU
		{F100BD41-AA77-4986-9CD6-68C34F92C73C}.Debug|Any CPU.ActiveCfg = Debug|Any CPU
		{F100BD41-AA77-4986-9CD6-68C34F92C73C}.Debug|Any CPU.Build.0 = Debug|Any CPU
		{F100BD41-AA77-4986-9CD6-68C34F92C73C}.Debug|x64.ActiveCfg = Debug|Any CPU
		{F100BD41-AA77-4986-9CD6-68C34F92C73C}.Debug|x64.Build.0 = Debug|Any CPU
		{F100BD41-AA77-4986-9CD6-68C34F92C73C}.Debug|x86.ActiveCfg = Debug|Any CPU
		{F100BD41-AA77-4986-9CD6-68C34F92C73C}.Debug|x86.Build.0 = Debug|Any CPU
		{F100BD41-AA77-4986-9CD6-68C34F92C73C}.Release|Any CPU.ActiveCfg = Release|Any CPU
		{F100BD41-AA77-4986-9CD6-68C34F92C73C}.Release|Any CPU.Build.0 = Release|Any CPU
		{F100BD41-AA77-4986-9CD6-68C34F92C73C}.Release|x64.ActiveCfg = Release|Any CPU
		{F100BD41-AA77-4986-9CD6-68C34F92C73C}.Release|x64.Build.0 = Release|Any CPU
		{F100BD41-AA77-4986-9CD6-68C34F92C73C}.Release|x86.ActiveCfg = Release|Any CPU
		{F100BD41-AA77-4986-9CD6-68C34F92C73C}.Release|x86.Build.0 = Release|Any CPU
	EndGlobalSection
	GlobalSection(SolutionProperties) = preSolution
		HideSolutionNode = FALSE
	EndGlobalSection
	GlobalSection(ExtensibilityGlobals) = postSolution
		SolutionGuid = {DDEA6C22-3F21-4B22-B08A-ED60D9236B26}
	EndGlobalSection
EndGlobal
